// !$*UTF8*$!
{
	archiveVersion = 1;
	classes = {
	};
	objectVersion = 50;
	objects = {

/* Begin PBXBuildFile section */
		9B1330CC2217A37C00E2003F /* main.swift in Sources */ = {isa = PBXBuildFile; fileRef = 9B1330CB2217A37C00E2003F /* main.swift */; };
		9B1330D72217A3E300E2003F /* Customer.swift in Sources */ = {isa = PBXBuildFile; fileRef = 9B1330D62217A3E300E2003F /* Customer.swift */; };
		9B1330D92217A3EE00E2003F /* Admin.swift in Sources */ = {isa = PBXBuildFile; fileRef = 9B1330D82217A3EE00E2003F /* Admin.swift */; };
		9B1330DE2217A69000E2003F /* iDisplay.swift in Sources */ = {isa = PBXBuildFile; fileRef = 9B1330DD2217A69000E2003F /* iDisplay.swift */; };
		9B1330E22217A71300E2003F /* RegisterAndLogin.swift in Sources */ = {isa = PBXBuildFile; fileRef = 9B1330E12217A71300E2003F /* RegisterAndLogin.swift */; };
		9B1330E42217A76500E2003F /* UserDetails.swift in Sources */ = {isa = PBXBuildFile; fileRef = 9B1330E32217A76500E2003F /* UserDetails.swift */; };
/* End PBXBuildFile section */

/* Begin PBXCopyFilesBuildPhase section */
		9B1330C62217A37C00E2003F /* CopyFiles */ = {
			isa = PBXCopyFilesBuildPhase;
			buildActionMask = 2147483647;
			dstPath = /usr/share/man/man1/;
			dstSubfolderSpec = 0;
			files = (
			);
			runOnlyForDeploymentPostprocessing = 1;
		};
/* End PBXCopyFilesBuildPhase section */

/* Begin PBXFileReference section */
		9B1330C82217A37C00E2003F /* Group2_OnlineShopping */ = {isa = PBXFileReference; explicitFileType = "compiled.mach-o.executable"; includeInIndex = 0; path = Group2_OnlineShopping; sourceTree = BUILT_PRODUCTS_DIR; };
		9B1330CB2217A37C00E2003F /* main.swift */ = {isa = PBXFileReference; lastKnownFileType = sourcecode.swift; path = main.swift; sourceTree = "<group>"; };
		9B1330D62217A3E300E2003F /* Customer.swift */ = {isa = PBXFileReference; lastKnownFileType = sourcecode.swift; path = Customer.swift; sourceTree = "<group>"; };
		9B1330D82217A3EE00E2003F /* Admin.swift */ = {isa = PBXFileReference; lastKnownFileType = sourcecode.swift; path = Admin.swift; sourceTree = "<group>"; };
		9B1330DD2217A69000E2003F /* iDisplay.swift */ = {isa = PBXFileReference; lastKnownFileType = sourcecode.swift; path = iDisplay.swift; sourceTree = "<group>"; };
		9B1330E12217A71300E2003F /* RegisterAndLogin.swift */ = {isa = PBXFileReference; lastKnownFileType = sourcecode.swift; path = RegisterAndLogin.swift; sourceTree = "<group>"; };
		9B1330E32217A76500E2003F /* UserDetails.swift */ = {isa = PBXFileReference; lastKnownFileType = sourcecode.swift; path = UserDetails.swift; sourceTree = "<group>"; };
/* End PBXFileReference section */

/* Begin PBXFrameworksBuildPhase section */
		9B1330C52217A37C00E2003F /* Frameworks */ = {
			isa = PBXFrameworksBuildPhase;
			buildActionMask = 2147483647;
			files = (
			);
			runOnlyForDeploymentPostprocessing = 0;
		};
/* End PBXFrameworksBuildPhase section */

/* Begin PBXGroup section */
		9B1330BF2217A37C00E2003F = {
			isa = PBXGroup;
			children = (
				9B1330E02217A6F900E2003F /* Functions */,
				9B1330DF2217A6B400E2003F /* Display */,
				9B1330D52217A3C300E2003F /* Orders */,
				9B1330D42217A3BB00E2003F /* Shopping */,
				9B1330D32217A3A100E2003F /* Users */,
				9B1330CA2217A37C00E2003F /* Group2_OnlineShopping */,
				9B1330C92217A37C00E2003F /* Products */,
			);
			sourceTree = "<group>";
		};
		9B1330C92217A37C00E2003F /* Products */ = {
			isa = PBXGroup;
			children = (
				9B1330C82217A37C00E2003F /* Group2_OnlineShopping */,
			);
			name = Products;
			sourceTree = "<group>";
		};
		9B1330CA2217A37C00E2003F /* Group2_OnlineShopping */ = {
			isa = PBXGroup;
			children = (
				9B1330CB2217A37C00E2003F /* main.swift */,
			);
			path = Group2_OnlineShopping;
			sourceTree = "<group>";
		};
		9B1330D32217A3A100E2003F /* Users */ = {
			isa = PBXGroup;
			children = (
				9B1330D62217A3E300E2003F /* Customer.swift */,
				9B1330D82217A3EE00E2003F /* Admin.swift */,
				9B1330E32217A76500E2003F /* UserDetails.swift */,
			);
			path = Users;
			sourceTree = "<group>";
		};
		9B1330D42217A3BB00E2003F /* Shopping */ = {
			isa = PBXGroup;
			children = (
			);
			path = Shopping;
			sourceTree = "<group>";
		};
		9B1330D52217A3C300E2003F /* Orders */ = {
			isa = PBXGroup;
			children = (
			);
			path = Orders;
			sourceTree = "<group>";
		};
		9B1330DF2217A6B400E2003F /* Display */ = {
			isa = PBXGroup;
			children = (
				9B1330DD2217A69000E2003F /* iDisplay.swift */,
			);
			path = Display;
			sourceTree = "<group>";
		};
		9B1330E02217A6F900E2003F /* Functions */ = {
			isa = PBXGroup;
			children = (
				9B1330E12217A71300E2003F /* RegisterAndLogin.swift */,
			);
			path = Functions;
			sourceTree = "<group>";
		};
/* End PBXGroup section */

/* Begin PBXNativeTarget section */
		9B1330C72217A37C00E2003F /* Group2_OnlineShopping */ = {
			isa = PBXNativeTarget;
			buildConfigurationList = 9B1330CF2217A37C00E2003F /* Build configuration list for PBXNativeTarget "Group2_OnlineShopping" */;
			buildPhases = (
				9B1330C42217A37C00E2003F /* Sources */,
				9B1330C52217A37C00E2003F /* Frameworks */,
				9B1330C62217A37C00E2003F /* CopyFiles */,
			);
			buildRules = (
			);
			dependencies = (
			);
			name = Group2_OnlineShopping;
			productName = Group2_OnlineShopping;
			productReference = 9B1330C82217A37C00E2003F /* Group2_OnlineShopping */;
			productType = "com.apple.product-type.tool";
		};
/* End PBXNativeTarget section */

/* Begin PBXProject section */
		9B1330C02217A37C00E2003F /* Project object */ = {
			isa = PBXProject;
			attributes = {
				LastSwiftUpdateCheck = 1010;
				LastUpgradeCheck = 1010;
				ORGANIZATIONNAME = MacStudent;
				TargetAttributes = {
					9B1330C72217A37C00E2003F = {
						CreatedOnToolsVersion = 10.1;
					};
				};
			};
			buildConfigurationList = 9B1330C32217A37C00E2003F /* Build configuration list for PBXProject "Group2_OnlineShopping" */;
			compatibilityVersion = "Xcode 9.3";
			developmentRegion = en;
			hasScannedForEncodings = 0;
			knownRegions = (
				en,
			);
			mainGroup = 9B1330BF2217A37C00E2003F;
			productRefGroup = 9B1330C92217A37C00E2003F /* Products */;
			projectDirPath = "";
			projectRoot = "";
			targets = (
				9B1330C72217A37C00E2003F /* Group2_OnlineShopping */,
			);
		};
/* End PBXProject section */

/* Begin PBXSourcesBuildPhase section */
		9B1330C42217A37C00E2003F /* Sources */ = {
			isa = PBXSourcesBuildPhase;
			buildActionMask = 2147483647;
			files = (
				9B1330CC2217A37C00E2003F /* main.swift in Sources */,
				9B1330E22217A71300E2003F /* RegisterAndLogin.swift in Sources */,
				9B1330D92217A3EE00E2003F /* Admin.swift in Sources */,
				9B1330E42217A76500E2003F /* UserDetails.swift in Sources */,
				9B1330DE2217A69000E2003F /* iDisplay.swift in Sources */,
				9B1330D72217A3E300E2003F /* Customer.swift in Sources */,
			);
			runOnlyForDeploymentPostprocessing = 0;
		};
/* End PBXSourcesBuildPhase section */

/* Begin XCBuildConfiguration section */
		9B1330CD2217A37C00E2003F /* Debug */ = {
			isa = XCBuildConfiguration;
			buildSettings = {
				ALWAYS_SEARCH_USER_PATHS = NO;
				CLANG_ANALYZER_NONNULL = YES;
				CLANG_ANALYZER_NUMBER_OBJECT_CONVERSION = YES_AGGRESSIVE;
				CLANG_CXX_LANGUAGE_STANDARD = "gnu++14";
				CLANG_CXX_LIBRARY = "libc++";
				CLANG_ENABLE_MODULES = YES;
				CLANG_ENABLE_OBJC_ARC = YES;
				CLANG_ENABLE_OBJC_WEAK = YES;
				CLANG_WARN_BLOCK_CAPTURE_AUTORELEASING = YES;
				CLANG_WARN_BOOL_CONVERSION = YES;
				CLANG_WARN_COMMA = YES;
				CLANG_WARN_CONSTANT_CONVERSION = YES;
				CLANG_WARN_DEPRECATED_OBJC_IMPLEMENTATIONS = YES;
				CLANG_WARN_DIRECT_OBJC_ISA_USAGE = YES_ERROR;
				CLANG_WARN_DOCUMENTATION_COMMENTS = YES;
				CLANG_WARN_EMPTY_BODY = YES;
				CLANG_WARN_ENUM_CONVERSION = YES;
				CLANG_WARN_INFINITE_RECURSION = YES;
				CLANG_WARN_INT_CONVERSION = YES;
				CLANG_WARN_NON_LITERAL_NULL_CONVERSION = YES;
				CLANG_WARN_OBJC_IMPLICIT_RETAIN_SELF = YES;
				CLANG_WARN_OBJC_LITERAL_CONVERSION = YES;
				CLANG_WARN_OBJC_ROOT_CLASS = YES_ERROR;
				CLANG_WARN_RANGE_LOOP_ANALYSIS = YES;
				CLANG_WARN_STRICT_PROTOTYPES = YES;
				CLANG_WARN_SUSPICIOUS_MOVE = YES;
				CLANG_WARN_UNGUARDED_AVAILABILITY = YES_AGGRESSIVE;
				CLANG_WARN_UNREACHABLE_CODE = YES;
				CLANG_WARN__DUPLICATE_METHOD_MATCH = YES;
				CODE_SIGN_IDENTITY = "-";
				COPY_PHASE_STRIP = NO;
				DEBUG_INFORMATION_FORMAT = dwarf;
				ENABLE_STRICT_OBJC_MSGSEND = YES;
				ENABLE_TESTABILITY = YES;
				GCC_C_LANGUAGE_STANDARD = gnu11;
				GCC_DYNAMIC_NO_PIC = NO;
				GCC_NO_COMMON_BLOCKS = YES;
				GCC_OPTIMIZATION_LEVEL = 0;
				GCC_PREPROCESSOR_DEFINITIONS = (
					"DEBUG=1",
					"$(inherited)",
				);
				GCC_WARN_64_TO_32_BIT_CONVERSION = YES;
				GCC_WARN_ABOUT_RETURN_TYPE = YES_ERROR;
				GCC_WARN_UNDECLARED_SELECTOR = YES;
				GCC_WARN_UNINITIALIZED_AUTOS = YES_AGGRESSIVE;
				GCC_WARN_UNUSED_FUNCTION = YES;
				GCC_WARN_UNUSED_VARIABLE = YES;
				MACOSX_DEPLOYMENT_TARGET = 10.14;
				MTL_ENABLE_DEBUG_INFO = INCLUDE_SOURCE;
				MTL_FAST_MATH = YES;
				ONLY_ACTIVE_ARCH = YES;
				SDKROOT = macosx;
				SWIFT_ACTIVE_COMPILATION_CONDITIONS = DEBUG;
				SWIFT_OPTIMIZATION_LEVEL = "-Onone";
			};
			name = Debug;
		};
		9B1330CE2217A37C00E2003F /* Release */ = {
			isa = XCBuildConfiguration;
			buildSettings = {
				ALWAYS_SEARCH_USER_PATHS = NO;
				CLANG_ANALYZER_NONNULL = YES;
				CLANG_ANALYZER_NUMBER_OBJECT_CONVERSION = YES_AGGRESSIVE;
				CLANG_CXX_LANGUAGE_STANDARD = "gnu++14";
				CLANG_CXX_LIBRARY = "libc++";
				CLANG_ENABLE_MODULES = YES;
				CLANG_ENABLE_OBJC_ARC = YES;
				CLANG_ENABLE_OBJC_WEAK = YES;
				CLANG_WARN_BLOCK_CAPTURE_AUTORELEASING = YES;
				CLANG_WARN_BOOL_CONVERSION = YES;
				CLANG_WARN_COMMA = YES;
				CLANG_WARN_CONSTANT_CONVERSION = YES;
				CLANG_WARN_DEPRECATED_OBJC_IMPLEMENTATIONS = YES;
				CLANG_WARN_DIRECT_OBJC_ISA_USAGE = YES_ERROR;
				CLANG_WARN_DOCUMENTATION_COMMENTS = YES;
				CLANG_WARN_EMPTY_BODY = YES;
				CLANG_WARN_ENUM_CONVERSION = YES;
				CLANG_WARN_INFINITE_RECURSION = YES;
				CLANG_WARN_INT_CONVERSION = YES;
				CLANG_WARN_NON_LITERAL_NULL_CONVERSION = YES;
				CLANG_WARN_OBJC_IMPLICIT_RETAIN_SELF = YES;
				CLANG_WARN_OBJC_LITERAL_CONVERSION = YES;
				CLANG_WARN_OBJC_ROOT_CLASS = YES_ERROR;
				CLANG_WARN_RANGE_LOOP_ANALYSIS = YES;
				CLANG_WARN_STRICT_PROTOTYPES = YES;
				CLANG_WARN_SUSPICIOUS_MOVE = YES;
				CLANG_WARN_UNGUARDED_AVAILABILITY = YES_AGGRESSIVE;
				CLANG_WARN_UNREACHABLE_CODE = YES;
				CLANG_WARN__DUPLICATE_METHOD_MATCH = YES;
				CODE_SIGN_IDENTITY = "-";
				COPY_PHASE_STRIP = NO;
				DEBUG_INFORMATION_FORMAT = "dwarf-with-dsym";
				ENABLE_NS_ASSERTIONS = NO;
				ENABLE_STRICT_OBJC_MSGSEND = YES;
				GCC_C_LANGUAGE_STANDARD = gnu11;
				GCC_NO_COMMON_BLOCKS = YES;
				GCC_WARN_64_TO_32_BIT_CONVERSION = YES;
				GCC_WARN_ABOUT_RETURN_TYPE = YES_ERROR;
				GCC_WARN_UNDECLARED_SELECTOR = YES;
				GCC_WARN_UNINITIALIZED_AUTOS = YES_AGGRESSIVE;
				GCC_WARN_UNUSED_FUNCTION = YES;
				GCC_WARN_UNUSED_VARIABLE = YES;
				MACOSX_DEPLOYMENT_TARGET = 10.14;
				MTL_ENABLE_DEBUG_INFO = NO;
				MTL_FAST_MATH = YES;
				SDKROOT = macosx;
				SWIFT_COMPILATION_MODE = wholemodule;
				SWIFT_OPTIMIZATION_LEVEL = "-O";
			};
			name = Release;
		};
		9B1330D02217A37C00E2003F /* Debug */ = {
			isa = XCBuildConfiguration;
			buildSettings = {
				CODE_SIGN_STYLE = Automatic;
				PRODUCT_NAME = "$(TARGET_NAME)";
				SWIFT_VERSION = 4.2;
			};
			name = Debug;
		};
		9B1330D12217A37C00E2003F /* Release */ = {
			isa = XCBuildConfiguration;
			buildSettings = {
				CODE_SIGN_STYLE = Automatic;
				PRODUCT_NAME = "$(TARGET_NAME)";
				SWIFT_VERSION = 4.2;
			};
			name = Release;
		};
/* End XCBuildConfiguration section */

/* Begin XCConfigurationList section */
		9B1330C32217A37C00E2003F /* Build configuration list for PBXProject "Group2_OnlineShopping" */ = {
			isa = XCConfigurationList;
			buildConfigurations = (
				9B1330CD2217A37C00E2003F /* Debug */,
				9B1330CE2217A37C00E2003F /* Release */,
			);
			defaultConfigurationIsVisible = 0;
			defaultConfigurationName = Release;
		};
		9B1330CF2217A37C00E2003F /* Build configuration list for PBXNativeTarget "Group2_OnlineShopping" */ = {
			isa = XCConfigurationList;
			buildConfigurations = (
				9B1330D02217A37C00E2003F /* Debug */,
				9B1330D12217A37C00E2003F /* Release */,
			);
			defaultConfigurationIsVisible = 0;
			defaultConfigurationName = Release;
		};
/* End XCConfigurationList section */
	};
	rootObject = 9B1330C02217A37C00E2003F /* Project object */;
}
